
Microsoft Visual Studio Solution File, Format Version 12.00
# Visual Studio Version 16
VisualStudioVersion = 16.0.30204.135
MinimumVisualStudioVersion = 10.0.40219.1
Project("{FAE04EC0-301F-11D3-BF4B-00C04F79EFBC}") = "SarkPayOuts", "SarkPayOuts.csproj", "{AB94418A-4E39-4D2F-A5FC-A731FDC0D324}"
EndProject
Global
	GlobalSection(SolutionConfigurationPlatforms) = preSolution
		Debug|Any CPU = Debug|Any CPU
		Release|Any CPU = Release|Any CPU
	EndGlobalSection
	GlobalSection(ProjectConfigurationPlatforms) = postSolution
		{AB94418A-4E39-4D2F-A5FC-A731FDC0D324}.Debug|Any CPU.ActiveCfg = Debug|Any CPU
		{AB94418A-4E39-4D2F-A5FC-A731FDC0D324}.Debug|Any CPU.Build.0 = Debug|Any CPU
		{AB94418A-4E39-4D2F-A5FC-A731FDC0D324}.Release|Any CPU.ActiveCfg = Release|Any CPU
		{AB94418A-4E39-4D2F-A5FC-A731FDC0D324}.Release|Any CPU.Build.0 = Release|Any CPU
	EndGlobalSection
	GlobalSection(SolutionProperties) = preSolution
		HideSolutionNode = FALSE
	EndGlobalSection
	GlobalSection(ExtensibilityGlobals) = postSolution
		SolutionGuid = {EC57C8DD-D69E-4D39-A5CD-F31813293544}
	EndGlobalSection
EndGlobal
